
Microsoft Visual Studio Solution File, Format Version 12.00
# Visual Studio Version 17
VisualStudioVersion = 17.7.34031.279
MinimumVisualStudioVersion = 10.0.40219.1
Project("{FAE04EC0-301F-11D3-BF4B-00C04F79EFBC}") = "ClimaticService", "ClimaticService\ClimaticService.csproj", "{D6545B57-87FE-4052-8E27-0025ED4AE6BD}"
EndProject
Project("{FAE04EC0-301F-11D3-BF4B-00C04F79EFBC}") = "ClimaticService.Context", "ClimaticService.Context\ClimaticService.Context.csproj", "{5636DF70-EB19-4A65-99F7-7414991C570D}"
EndProject
Global
	GlobalSection(SolutionConfigurationPlatforms) = preSolution
		Debug|Any CPU = Debug|Any CPU
		Release|Any CPU = Release|Any CPU
	EndGlobalSection
	GlobalSection(ProjectConfigurationPlatforms) = postSolution
		{D6545B57-87FE-4052-8E27-0025ED4AE6BD}.Debug|Any CPU.ActiveCfg = Debug|Any CPU
		{D6545B57-87FE-4052-8E27-0025ED4AE6BD}.Debug|Any CPU.Build.0 = Debug|Any CPU
		{D6545B57-87FE-4052-8E27-0025ED4AE6BD}.Release|Any CPU.ActiveCfg = Release|Any CPU
		{D6545B57-87FE-4052-8E27-0025ED4AE6BD}.Release|Any CPU.Build.0 = Release|Any CPU
		{5636DF70-EB19-4A65-99F7-7414991C570D}.Debug|Any CPU.ActiveCfg = Debug|Any CPU
		{5636DF70-EB19-4A65-99F7-7414991C570D}.Debug|Any CPU.Build.0 = Debug|Any CPU
		{5636DF70-EB19-4A65-99F7-7414991C570D}.Release|Any CPU.ActiveCfg = Release|Any CPU
		{5636DF70-EB19-4A65-99F7-7414991C570D}.Release|Any CPU.Build.0 = Release|Any CPU
	EndGlobalSection
	GlobalSection(SolutionProperties) = preSolution
		HideSolutionNode = FALSE
	EndGlobalSection
	GlobalSection(ExtensibilityGlobals) = postSolution
		SolutionGuid = {9D6DB1A2-2CEE-4CD7-8C6E-12D8FC09668D}
	EndGlobalSection
EndGlobal
